
Microsoft Visual Studio Solution File, Format Version 12.00
# Visual Studio Version 17
VisualStudioVersion = 17.2.32616.157
MinimumVisualStudioVersion = 10.0.40219.1
Project("{FAE04EC0-301F-11D3-BF4B-00C04F79EFBC}") = "FormSubmission", "FormSubmission\FormSubmission.csproj", "{1C1475C4-4069-4E63-BB6D-D8BB4CCABBAB}"
EndProject
Global
	GlobalSection(SolutionConfigurationPlatforms) = preSolution
		Debug|Any CPU = Debug|Any CPU
		Release|Any CPU = Release|Any CPU
	EndGlobalSection
	GlobalSection(ProjectConfigurationPlatforms) = postSolution
		{1C1475C4-4069-4E63-BB6D-D8BB4CCABBAB}.Debug|Any CPU.ActiveCfg = Debug|Any CPU
		{1C1475C4-4069-4E63-BB6D-D8BB4CCABBAB}.Debug|Any CPU.Build.0 = Debug|Any CPU
		{1C1475C4-4069-4E63-BB6D-D8BB4CCABBAB}.Release|Any CPU.ActiveCfg = Release|Any CPU
		{1C1475C4-4069-4E63-BB6D-D8BB4CCABBAB}.Release|Any CPU.Build.0 = Release|Any CPU
	EndGlobalSection
	GlobalSection(SolutionProperties) = preSolution
		HideSolutionNode = FALSE
	EndGlobalSection
	GlobalSection(ExtensibilityGlobals) = postSolution
		SolutionGuid = {99A54914-7347-45B3-A41C-7AAE042E1814}
	EndGlobalSection
EndGlobal
