
Microsoft Visual Studio Solution File, Format Version 12.00
# Visual Studio Version 17
VisualStudioVersion = 17.2.32616.157
MinimumVisualStudioVersion = 10.0.40219.1
Project("{FAE04EC0-301F-11D3-BF4B-00C04F79EFBC}") = "IntroMVC", "IntroMVC\IntroMVC.csproj", "{C8154983-B450-4001-9E5E-3620E13DCAE2}"
EndProject
Global
	GlobalSection(SolutionConfigurationPlatforms) = preSolution
		Debug|Any CPU = Debug|Any CPU
		Release|Any CPU = Release|Any CPU
	EndGlobalSection
	GlobalSection(ProjectConfigurationPlatforms) = postSolution
		{C8154983-B450-4001-9E5E-3620E13DCAE2}.Debug|Any CPU.ActiveCfg = Debug|Any CPU
		{C8154983-B450-4001-9E5E-3620E13DCAE2}.Debug|Any CPU.Build.0 = Debug|Any CPU
		{C8154983-B450-4001-9E5E-3620E13DCAE2}.Release|Any CPU.ActiveCfg = Release|Any CPU
		{C8154983-B450-4001-9E5E-3620E13DCAE2}.Release|Any CPU.Build.0 = Release|Any CPU
	EndGlobalSection
	GlobalSection(SolutionProperties) = preSolution
		HideSolutionNode = FALSE
	EndGlobalSection
	GlobalSection(ExtensibilityGlobals) = postSolution
		SolutionGuid = {23D63AFD-C4DD-40FE-A9FF-117775DAF7EB}
	EndGlobalSection
EndGlobal
