
Microsoft Visual Studio Solution File, Format Version 12.00
# Visual Studio Version 17
VisualStudioVersion = 17.2.32616.157
MinimumVisualStudioVersion = 10.0.40219.1
Project("{FAE04EC0-301F-11D3-BF4B-00C04F79EFBC}") = "IntroAPI", "IntroAPI\IntroAPI.csproj", "{798FA3C6-8B87-431A-88A8-90220311E75A}"
EndProject
Global
	GlobalSection(SolutionConfigurationPlatforms) = preSolution
		Debug|Any CPU = Debug|Any CPU
		Release|Any CPU = Release|Any CPU
	EndGlobalSection
	GlobalSection(ProjectConfigurationPlatforms) = postSolution
		{798FA3C6-8B87-431A-88A8-90220311E75A}.Debug|Any CPU.ActiveCfg = Debug|Any CPU
		{798FA3C6-8B87-431A-88A8-90220311E75A}.Debug|Any CPU.Build.0 = Debug|Any CPU
		{798FA3C6-8B87-431A-88A8-90220311E75A}.Release|Any CPU.ActiveCfg = Release|Any CPU
		{798FA3C6-8B87-431A-88A8-90220311E75A}.Release|Any CPU.Build.0 = Release|Any CPU
	EndGlobalSection
	GlobalSection(SolutionProperties) = preSolution
		HideSolutionNode = FALSE
	EndGlobalSection
	GlobalSection(ExtensibilityGlobals) = postSolution
		SolutionGuid = {00E8EC52-4621-4EBA-A988-B7D2FA0237D1}
	EndGlobalSection
EndGlobal
